
Microsoft Visual Studio Solution File, Format Version 12.00
# Visual Studio Version 17
VisualStudioVersion = 17.0.31912.275
MinimumVisualStudioVersion = 10.0.40219.1
Project("{9A19103F-16F7-4668-BE54-9A1E7A4F7556}") = "NetDaemon", "NetDaemon\NetDaemon.csproj", "{91A03E65-4015-46C9-8033-7E4D58FB4052}"
EndProject
Project("{9A19103F-16F7-4668-BE54-9A1E7A4F7556}") = "Lerbaek.Auctions", "Lerbaek.Auctions\Lerbaek.Auctions.csproj", "{4E00B177-6871-469A-87E6-539A3C8A1CDB}"
EndProject
Project("{9A19103F-16F7-4668-BE54-9A1E7A4F7556}") = "Lerbaek.Auctions.Test", "Lerbaek.Auctions.Test\Lerbaek.Auctions.Test.csproj", "{DA4E5DA7-F467-41B2-A20F-36845E485911}"
EndProject
Project("{9A19103F-16F7-4668-BE54-9A1E7A4F7556}") = "Lerbaek.HostBuilder", "Lerbaek.HostBuilder\Lerbaek.HostBuilder.csproj", "{3334F052-FBF2-4BC2-AC43-749903417433}"
EndProject
Project("{FAE04EC0-301F-11D3-BF4B-00C04F79EFBC}") = "Lerbaek.Stores", "Lerbaek.Stores\Lerbaek.Stores.csproj", "{E9F54687-6594-4149-9720-7F4A6B5F7123}"
EndProject
Project("{FAE04EC0-301F-11D3-BF4B-00C04F79EFBC}") = "Lerbaek.Test.Common", "Lerbaek.Test.Common\Lerbaek.Test.Common.csproj", "{94BA72AF-BEE7-43C8-A075-D71875A7E40B}"
EndProject
Project("{FAE04EC0-301F-11D3-BF4B-00C04F79EFBC}") = "Lerbaek.Stores.Test", "Lerbaek.Stores.Test\Lerbaek.Stores.Test.csproj", "{504D6797-AABC-4A5D-9A5B-B37761EA4E41}"
EndProject
Project("{FAE04EC0-301F-11D3-BF4B-00C04F79EFBC}") = "Lerbaek.RegEx", "Lerbaek.RegEx\Lerbaek.RegEx.csproj", "{0E6044F3-960B-49D2-A401-CE76657F7B70}"
EndProject
Global
	GlobalSection(SolutionConfigurationPlatforms) = preSolution
		Debug|Any CPU = Debug|Any CPU
		Deploy|Any CPU = Deploy|Any CPU
		Release|Any CPU = Release|Any CPU
	EndGlobalSection
	GlobalSection(ProjectConfigurationPlatforms) = postSolution
		{91A03E65-4015-46C9-8033-7E4D58FB4052}.Debug|Any CPU.ActiveCfg = Debug|Any CPU
		{91A03E65-4015-46C9-8033-7E4D58FB4052}.Debug|Any CPU.Build.0 = Debug|Any CPU
		{91A03E65-4015-46C9-8033-7E4D58FB4052}.Deploy|Any CPU.ActiveCfg = Deploy|Any CPU
		{91A03E65-4015-46C9-8033-7E4D58FB4052}.Deploy|Any CPU.Build.0 = Deploy|Any CPU
		{91A03E65-4015-46C9-8033-7E4D58FB4052}.Release|Any CPU.ActiveCfg = Release|Any CPU
		{91A03E65-4015-46C9-8033-7E4D58FB4052}.Release|Any CPU.Build.0 = Release|Any CPU
		{4E00B177-6871-469A-87E6-539A3C8A1CDB}.Debug|Any CPU.ActiveCfg = Debug|Any CPU
		{4E00B177-6871-469A-87E6-539A3C8A1CDB}.Debug|Any CPU.Build.0 = Debug|Any CPU
		{4E00B177-6871-469A-87E6-539A3C8A1CDB}.Deploy|Any CPU.ActiveCfg = Debug|Any CPU
		{4E00B177-6871-469A-87E6-539A3C8A1CDB}.Deploy|Any CPU.Build.0 = Debug|Any CPU
		{4E00B177-6871-469A-87E6-539A3C8A1CDB}.Release|Any CPU.ActiveCfg = Release|Any CPU
		{4E00B177-6871-469A-87E6-539A3C8A1CDB}.Release|Any CPU.Build.0 = Release|Any CPU
		{DA4E5DA7-F467-41B2-A20F-36845E485911}.Debug|Any CPU.ActiveCfg = Debug|Any CPU
		{DA4E5DA7-F467-41B2-A20F-36845E485911}.Debug|Any CPU.Build.0 = Debug|Any CPU
		{DA4E5DA7-F467-41B2-A20F-36845E485911}.Deploy|Any CPU.ActiveCfg = Debug|Any CPU
		{DA4E5DA7-F467-41B2-A20F-36845E485911}.Deploy|Any CPU.Build.0 = Debug|Any CPU
		{DA4E5DA7-F467-41B2-A20F-36845E485911}.Release|Any CPU.ActiveCfg = Release|Any CPU
		{DA4E5DA7-F467-41B2-A20F-36845E485911}.Release|Any CPU.Build.0 = Release|Any CPU
		{3334F052-FBF2-4BC2-AC43-749903417433}.Debug|Any CPU.ActiveCfg = Debug|Any CPU
		{3334F052-FBF2-4BC2-AC43-749903417433}.Debug|Any CPU.Build.0 = Debug|Any CPU
		{3334F052-FBF2-4BC2-AC43-749903417433}.Deploy|Any CPU.ActiveCfg = Debug|Any CPU
		{3334F052-FBF2-4BC2-AC43-749903417433}.Deploy|Any CPU.Build.0 = Debug|Any CPU
		{3334F052-FBF2-4BC2-AC43-749903417433}.Release|Any CPU.ActiveCfg = Release|Any CPU
		{3334F052-FBF2-4BC2-AC43-749903417433}.Release|Any CPU.Build.0 = Release|Any CPU
		{E9F54687-6594-4149-9720-7F4A6B5F7123}.Debug|Any CPU.ActiveCfg = Debug|Any CPU
		{E9F54687-6594-4149-9720-7F4A6B5F7123}.Debug|Any CPU.Build.0 = Debug|Any CPU
		{E9F54687-6594-4149-9720-7F4A6B5F7123}.Deploy|Any CPU.ActiveCfg = Debug|Any CPU
		{E9F54687-6594-4149-9720-7F4A6B5F7123}.Deploy|Any CPU.Build.0 = Debug|Any CPU
		{E9F54687-6594-4149-9720-7F4A6B5F7123}.Release|Any CPU.ActiveCfg = Release|Any CPU
		{E9F54687-6594-4149-9720-7F4A6B5F7123}.Release|Any CPU.Build.0 = Release|Any CPU
		{94BA72AF-BEE7-43C8-A075-D71875A7E40B}.Debug|Any CPU.ActiveCfg = Debug|Any CPU
		{94BA72AF-BEE7-43C8-A075-D71875A7E40B}.Debug|Any CPU.Build.0 = Debug|Any CPU
		{94BA72AF-BEE7-43C8-A075-D71875A7E40B}.Deploy|Any CPU.ActiveCfg = Debug|Any CPU
		{94BA72AF-BEE7-43C8-A075-D71875A7E40B}.Deploy|Any CPU.Build.0 = Debug|Any CPU
		{94BA72AF-BEE7-43C8-A075-D71875A7E40B}.Release|Any CPU.ActiveCfg = Release|Any CPU
		{94BA72AF-BEE7-43C8-A075-D71875A7E40B}.Release|Any CPU.Build.0 = Release|Any CPU
		{504D6797-AABC-4A5D-9A5B-B37761EA4E41}.Debug|Any CPU.ActiveCfg = Debug|Any CPU
		{504D6797-AABC-4A5D-9A5B-B37761EA4E41}.Debug|Any CPU.Build.0 = Debug|Any CPU
		{504D6797-AABC-4A5D-9A5B-B37761EA4E41}.Deploy|Any CPU.ActiveCfg = Debug|Any CPU
		{504D6797-AABC-4A5D-9A5B-B37761EA4E41}.Deploy|Any CPU.Build.0 = Debug|Any CPU
		{504D6797-AABC-4A5D-9A5B-B37761EA4E41}.Release|Any CPU.ActiveCfg = Release|Any CPU
		{504D6797-AABC-4A5D-9A5B-B37761EA4E41}.Release|Any CPU.Build.0 = Release|Any CPU
		{0E6044F3-960B-49D2-A401-CE76657F7B70}.Debug|Any CPU.ActiveCfg = Debug|Any CPU
		{0E6044F3-960B-49D2-A401-CE76657F7B70}.Debug|Any CPU.Build.0 = Debug|Any CPU
		{0E6044F3-960B-49D2-A401-CE76657F7B70}.Deploy|Any CPU.ActiveCfg = Debug|Any CPU
		{0E6044F3-960B-49D2-A401-CE76657F7B70}.Deploy|Any CPU.Build.0 = Debug|Any CPU
		{0E6044F3-960B-49D2-A401-CE76657F7B70}.Release|Any CPU.ActiveCfg = Release|Any CPU
		{0E6044F3-960B-49D2-A401-CE76657F7B70}.Release|Any CPU.Build.0 = Release|Any CPU
	EndGlobalSection
	GlobalSection(SolutionProperties) = preSolution
		HideSolutionNode = FALSE
	EndGlobalSection
	GlobalSection(ExtensibilityGlobals) = postSolution
		SolutionGuid = {521BF5C6-855E-4C3E-B3C9-C28950BFAA59}
	EndGlobalSection
EndGlobal
