
Microsoft Visual Studio Solution File, Format Version 12.00
# Visual Studio Version 17
VisualStudioVersion = 17.0.31912.275
MinimumVisualStudioVersion = 10.0.40219.1
Project("{9A19103F-16F7-4668-BE54-9A1E7A4F7556}") = "NetDaemon", "NetDaemon\NetDaemon.csproj", "{91A03E65-4015-46C9-8033-7E4D58FB4052}"
EndProject
Global
	GlobalSection(SolutionConfigurationPlatforms) = preSolution
		Debug|Any CPU = Debug|Any CPU
		Deploy|Any CPU = Deploy|Any CPU
		Release|Any CPU = Release|Any CPU
	EndGlobalSection
	GlobalSection(ProjectConfigurationPlatforms) = postSolution
		{91A03E65-4015-46C9-8033-7E4D58FB4052}.Debug|Any CPU.ActiveCfg = Debug|Any CPU
		{91A03E65-4015-46C9-8033-7E4D58FB4052}.Debug|Any CPU.Build.0 = Debug|Any CPU
		{91A03E65-4015-46C9-8033-7E4D58FB4052}.Deploy|Any CPU.ActiveCfg = Deploy|Any CPU
		{91A03E65-4015-46C9-8033-7E4D58FB4052}.Deploy|Any CPU.Build.0 = Deploy|Any CPU
		{91A03E65-4015-46C9-8033-7E4D58FB4052}.Release|Any CPU.ActiveCfg = Release|Any CPU
		{91A03E65-4015-46C9-8033-7E4D58FB4052}.Release|Any CPU.Build.0 = Release|Any CPU
	EndGlobalSection
	GlobalSection(SolutionProperties) = preSolution
		HideSolutionNode = FALSE
	EndGlobalSection
	GlobalSection(ExtensibilityGlobals) = postSolution
		SolutionGuid = {521BF5C6-855E-4C3E-B3C9-C28950BFAA59}
	EndGlobalSection
EndGlobal
